
Microsoft Visual Studio Solution File, Format Version 12.00
# Visual Studio Version 16
VisualStudioVersion = 16.0.31105.61
MinimumVisualStudioVersion = 10.0.40219.1
Project("{FAE04EC0-301F-11D3-BF4B-00C04F79EFBC}") = "FormsTemplateApp1.Android", "FormsTemplateApp1\FormsTemplateApp1.Android\FormsTemplateApp1.Android.csproj", "{0B8582C1-EF84-42AC-BD7C-D192D7896D91}"
EndProject
Project("{FAE04EC0-301F-11D3-BF4B-00C04F79EFBC}") = "FormsTemplateApp1.iOS", "FormsTemplateApp1\FormsTemplateApp1.iOS\FormsTemplateApp1.iOS.csproj", "{137AFEDD-28C6-418A-B774-A68DC6B7DC0B}"
EndProject
Project("{FAE04EC0-301F-11D3-BF4B-00C04F79EFBC}") = "FormsTemplateApp1", "FormsTemplateApp1\FormsTemplateApp1\FormsTemplateApp1.csproj", "{D9D3DCDA-2E52-49C6-86C7-130ADFF7C2CA}"
EndProject
Global
	GlobalSection(SolutionConfigurationPlatforms) = preSolution
		Debug|Any CPU = Debug|Any CPU
		Debug|iPhone = Debug|iPhone
		Debug|iPhoneSimulator = Debug|iPhoneSimulator
		Release|Any CPU = Release|Any CPU
		Release|iPhone = Release|iPhone
		Release|iPhoneSimulator = Release|iPhoneSimulator
	EndGlobalSection
	GlobalSection(ProjectConfigurationPlatforms) = postSolution
		{0B8582C1-EF84-42AC-BD7C-D192D7896D91}.Debug|Any CPU.ActiveCfg = Debug|Any CPU
		{0B8582C1-EF84-42AC-BD7C-D192D7896D91}.Debug|Any CPU.Build.0 = Debug|Any CPU
		{0B8582C1-EF84-42AC-BD7C-D192D7896D91}.Debug|Any CPU.Deploy.0 = Debug|Any CPU
		{0B8582C1-EF84-42AC-BD7C-D192D7896D91}.Debug|iPhone.ActiveCfg = Debug|Any CPU
		{0B8582C1-EF84-42AC-BD7C-D192D7896D91}.Debug|iPhone.Build.0 = Debug|Any CPU
		{0B8582C1-EF84-42AC-BD7C-D192D7896D91}.Debug|iPhone.Deploy.0 = Debug|Any CPU
		{0B8582C1-EF84-42AC-BD7C-D192D7896D91}.Debug|iPhoneSimulator.ActiveCfg = Debug|Any CPU
		{0B8582C1-EF84-42AC-BD7C-D192D7896D91}.Debug|iPhoneSimulator.Build.0 = Debug|Any CPU
		{0B8582C1-EF84-42AC-BD7C-D192D7896D91}.Debug|iPhoneSimulator.Deploy.0 = Debug|Any CPU
		{0B8582C1-EF84-42AC-BD7C-D192D7896D91}.Release|Any CPU.ActiveCfg = Release|Any CPU
		{0B8582C1-EF84-42AC-BD7C-D192D7896D91}.Release|Any CPU.Build.0 = Release|Any CPU
		{0B8582C1-EF84-42AC-BD7C-D192D7896D91}.Release|Any CPU.Deploy.0 = Release|Any CPU
		{0B8582C1-EF84-42AC-BD7C-D192D7896D91}.Release|iPhone.ActiveCfg = Release|Any CPU
		{0B8582C1-EF84-42AC-BD7C-D192D7896D91}.Release|iPhone.Build.0 = Release|Any CPU
		{0B8582C1-EF84-42AC-BD7C-D192D7896D91}.Release|iPhone.Deploy.0 = Release|Any CPU
		{0B8582C1-EF84-42AC-BD7C-D192D7896D91}.Release|iPhoneSimulator.ActiveCfg = Release|Any CPU
		{0B8582C1-EF84-42AC-BD7C-D192D7896D91}.Release|iPhoneSimulator.Build.0 = Release|Any CPU
		{0B8582C1-EF84-42AC-BD7C-D192D7896D91}.Release|iPhoneSimulator.Deploy.0 = Release|Any CPU
		{137AFEDD-28C6-418A-B774-A68DC6B7DC0B}.Debug|Any CPU.ActiveCfg = Debug|iPhone
		{137AFEDD-28C6-418A-B774-A68DC6B7DC0B}.Debug|Any CPU.Build.0 = Debug|iPhone
		{137AFEDD-28C6-418A-B774-A68DC6B7DC0B}.Debug|Any CPU.Deploy.0 = Debug|iPhone
		{137AFEDD-28C6-418A-B774-A68DC6B7DC0B}.Debug|iPhone.ActiveCfg = Debug|iPhone
		{137AFEDD-28C6-418A-B774-A68DC6B7DC0B}.Debug|iPhone.Build.0 = Debug|iPhone
		{137AFEDD-28C6-418A-B774-A68DC6B7DC0B}.Debug|iPhone.Deploy.0 = Debug|iPhone
		{137AFEDD-28C6-418A-B774-A68DC6B7DC0B}.Debug|iPhoneSimulator.ActiveCfg = Debug|iPhoneSimulator
		{137AFEDD-28C6-418A-B774-A68DC6B7DC0B}.Debug|iPhoneSimulator.Build.0 = Debug|iPhoneSimulator
		{137AFEDD-28C6-418A-B774-A68DC6B7DC0B}.Debug|iPhoneSimulator.Deploy.0 = Debug|iPhoneSimulator
		{137AFEDD-28C6-418A-B774-A68DC6B7DC0B}.Release|Any CPU.ActiveCfg = Release|iPhoneSimulator
		{137AFEDD-28C6-418A-B774-A68DC6B7DC0B}.Release|Any CPU.Build.0 = Release|iPhoneSimulator
		{137AFEDD-28C6-418A-B774-A68DC6B7DC0B}.Release|Any CPU.Deploy.0 = Release|iPhoneSimulator
		{137AFEDD-28C6-418A-B774-A68DC6B7DC0B}.Release|iPhone.ActiveCfg = Release|iPhone
		{137AFEDD-28C6-418A-B774-A68DC6B7DC0B}.Release|iPhone.Build.0 = Release|iPhone
		{137AFEDD-28C6-418A-B774-A68DC6B7DC0B}.Release|iPhone.Deploy.0 = Release|iPhone
		{137AFEDD-28C6-418A-B774-A68DC6B7DC0B}.Release|iPhoneSimulator.ActiveCfg = Release|iPhoneSimulator
		{137AFEDD-28C6-418A-B774-A68DC6B7DC0B}.Release|iPhoneSimulator.Build.0 = Release|iPhoneSimulator
		{137AFEDD-28C6-418A-B774-A68DC6B7DC0B}.Release|iPhoneSimulator.Deploy.0 = Release|iPhoneSimulator
		{D9D3DCDA-2E52-49C6-86C7-130ADFF7C2CA}.Debug|Any CPU.ActiveCfg = Debug|Any CPU
		{D9D3DCDA-2E52-49C6-86C7-130ADFF7C2CA}.Debug|Any CPU.Build.0 = Debug|Any CPU
		{D9D3DCDA-2E52-49C6-86C7-130ADFF7C2CA}.Debug|Any CPU.Deploy.0 = Debug|Any CPU
		{D9D3DCDA-2E52-49C6-86C7-130ADFF7C2CA}.Debug|iPhone.ActiveCfg = Debug|Any CPU
		{D9D3DCDA-2E52-49C6-86C7-130ADFF7C2CA}.Debug|iPhone.Build.0 = Debug|Any CPU
		{D9D3DCDA-2E52-49C6-86C7-130ADFF7C2CA}.Debug|iPhone.Deploy.0 = Debug|Any CPU
		{D9D3DCDA-2E52-49C6-86C7-130ADFF7C2CA}.Debug|iPhoneSimulator.ActiveCfg = Debug|Any CPU
		{D9D3DCDA-2E52-49C6-86C7-130ADFF7C2CA}.Debug|iPhoneSimulator.Build.0 = Debug|Any CPU
		{D9D3DCDA-2E52-49C6-86C7-130ADFF7C2CA}.Debug|iPhoneSimulator.Deploy.0 = Debug|Any CPU
		{D9D3DCDA-2E52-49C6-86C7-130ADFF7C2CA}.Release|Any CPU.ActiveCfg = Release|Any CPU
		{D9D3DCDA-2E52-49C6-86C7-130ADFF7C2CA}.Release|Any CPU.Build.0 = Release|Any CPU
		{D9D3DCDA-2E52-49C6-86C7-130ADFF7C2CA}.Release|Any CPU.Deploy.0 = Release|Any CPU
		{D9D3DCDA-2E52-49C6-86C7-130ADFF7C2CA}.Release|iPhone.ActiveCfg = Release|Any CPU
		{D9D3DCDA-2E52-49C6-86C7-130ADFF7C2CA}.Release|iPhone.Build.0 = Release|Any CPU
		{D9D3DCDA-2E52-49C6-86C7-130ADFF7C2CA}.Release|iPhone.Deploy.0 = Release|Any CPU
		{D9D3DCDA-2E52-49C6-86C7-130ADFF7C2CA}.Release|iPhoneSimulator.ActiveCfg = Release|Any CPU
		{D9D3DCDA-2E52-49C6-86C7-130ADFF7C2CA}.Release|iPhoneSimulator.Build.0 = Release|Any CPU
		{D9D3DCDA-2E52-49C6-86C7-130ADFF7C2CA}.Release|iPhoneSimulator.Deploy.0 = Release|Any CPU
	EndGlobalSection
	GlobalSection(SolutionProperties) = preSolution
		HideSolutionNode = FALSE
	EndGlobalSection
	GlobalSection(ExtensibilityGlobals) = postSolution
		SolutionGuid = {71EE4780-D65F-489E-B670-8090B959A84E}
	EndGlobalSection
EndGlobal
